
Microsoft Visual Studio Solution File, Format Version 12.00
# Visual Studio Version 16
VisualStudioVersion = 16.0.28803.352
MinimumVisualStudioVersion = 10.0.40219.1
Project("{FAE04EC0-301F-11D3-BF4B-00C04F79EFBC}") = "policy.app.Android", "policy.app\policy.app.Android\policy.app.Android.csproj", "{286378B2-0DFE-4C34-8847-7FF48DDAE1E8}"
EndProject
Project("{FAE04EC0-301F-11D3-BF4B-00C04F79EFBC}") = "policy.app.iOS", "policy.app\policy.app.iOS\policy.app.iOS.csproj", "{D1521F44-7A86-44D4-9ED5-8FEC010C7042}"
EndProject
Project("{FAE04EC0-301F-11D3-BF4B-00C04F79EFBC}") = "policy.app", "policy.app\policy.app\policy.app.csproj", "{288834CC-00C7-4ED1-BD90-12FA8B273E87}"
EndProject
Global
	GlobalSection(SolutionConfigurationPlatforms) = preSolution
		Debug|Any CPU = Debug|Any CPU
		Debug|iPhone = Debug|iPhone
		Debug|iPhoneSimulator = Debug|iPhoneSimulator
		Release|Any CPU = Release|Any CPU
		Release|iPhone = Release|iPhone
		Release|iPhoneSimulator = Release|iPhoneSimulator
	EndGlobalSection
	GlobalSection(ProjectConfigurationPlatforms) = postSolution
		{286378B2-0DFE-4C34-8847-7FF48DDAE1E8}.Debug|Any CPU.ActiveCfg = Debug|Any CPU
		{286378B2-0DFE-4C34-8847-7FF48DDAE1E8}.Debug|Any CPU.Build.0 = Debug|Any CPU
		{286378B2-0DFE-4C34-8847-7FF48DDAE1E8}.Debug|Any CPU.Deploy.0 = Debug|Any CPU
		{286378B2-0DFE-4C34-8847-7FF48DDAE1E8}.Debug|iPhone.ActiveCfg = Debug|Any CPU
		{286378B2-0DFE-4C34-8847-7FF48DDAE1E8}.Debug|iPhone.Build.0 = Debug|Any CPU
		{286378B2-0DFE-4C34-8847-7FF48DDAE1E8}.Debug|iPhone.Deploy.0 = Debug|Any CPU
		{286378B2-0DFE-4C34-8847-7FF48DDAE1E8}.Debug|iPhoneSimulator.ActiveCfg = Debug|Any CPU
		{286378B2-0DFE-4C34-8847-7FF48DDAE1E8}.Debug|iPhoneSimulator.Build.0 = Debug|Any CPU
		{286378B2-0DFE-4C34-8847-7FF48DDAE1E8}.Debug|iPhoneSimulator.Deploy.0 = Debug|Any CPU
		{286378B2-0DFE-4C34-8847-7FF48DDAE1E8}.Release|Any CPU.ActiveCfg = Release|Any CPU
		{286378B2-0DFE-4C34-8847-7FF48DDAE1E8}.Release|Any CPU.Build.0 = Release|Any CPU
		{286378B2-0DFE-4C34-8847-7FF48DDAE1E8}.Release|Any CPU.Deploy.0 = Release|Any CPU
		{286378B2-0DFE-4C34-8847-7FF48DDAE1E8}.Release|iPhone.ActiveCfg = Release|Any CPU
		{286378B2-0DFE-4C34-8847-7FF48DDAE1E8}.Release|iPhone.Build.0 = Release|Any CPU
		{286378B2-0DFE-4C34-8847-7FF48DDAE1E8}.Release|iPhone.Deploy.0 = Release|Any CPU
		{286378B2-0DFE-4C34-8847-7FF48DDAE1E8}.Release|iPhoneSimulator.ActiveCfg = Release|Any CPU
		{286378B2-0DFE-4C34-8847-7FF48DDAE1E8}.Release|iPhoneSimulator.Build.0 = Release|Any CPU
		{286378B2-0DFE-4C34-8847-7FF48DDAE1E8}.Release|iPhoneSimulator.Deploy.0 = Release|Any CPU
		{D1521F44-7A86-44D4-9ED5-8FEC010C7042}.Debug|Any CPU.ActiveCfg = Debug|iPhoneSimulator
		{D1521F44-7A86-44D4-9ED5-8FEC010C7042}.Debug|Any CPU.Build.0 = Debug|iPhoneSimulator
		{D1521F44-7A86-44D4-9ED5-8FEC010C7042}.Debug|Any CPU.Deploy.0 = Debug|iPhoneSimulator
		{D1521F44-7A86-44D4-9ED5-8FEC010C7042}.Debug|iPhone.ActiveCfg = Debug|iPhone
		{D1521F44-7A86-44D4-9ED5-8FEC010C7042}.Debug|iPhone.Build.0 = Debug|iPhone
		{D1521F44-7A86-44D4-9ED5-8FEC010C7042}.Debug|iPhone.Deploy.0 = Debug|iPhone
		{D1521F44-7A86-44D4-9ED5-8FEC010C7042}.Debug|iPhoneSimulator.ActiveCfg = Debug|iPhoneSimulator
		{D1521F44-7A86-44D4-9ED5-8FEC010C7042}.Debug|iPhoneSimulator.Build.0 = Debug|iPhoneSimulator
		{D1521F44-7A86-44D4-9ED5-8FEC010C7042}.Debug|iPhoneSimulator.Deploy.0 = Debug|iPhoneSimulator
		{D1521F44-7A86-44D4-9ED5-8FEC010C7042}.Release|Any CPU.ActiveCfg = Release|iPhone
		{D1521F44-7A86-44D4-9ED5-8FEC010C7042}.Release|Any CPU.Build.0 = Release|iPhone
		{D1521F44-7A86-44D4-9ED5-8FEC010C7042}.Release|Any CPU.Deploy.0 = Release|iPhone
		{D1521F44-7A86-44D4-9ED5-8FEC010C7042}.Release|iPhone.ActiveCfg = Release|iPhone
		{D1521F44-7A86-44D4-9ED5-8FEC010C7042}.Release|iPhone.Build.0 = Release|iPhone
		{D1521F44-7A86-44D4-9ED5-8FEC010C7042}.Release|iPhone.Deploy.0 = Release|iPhone
		{D1521F44-7A86-44D4-9ED5-8FEC010C7042}.Release|iPhoneSimulator.ActiveCfg = Release|iPhoneSimulator
		{D1521F44-7A86-44D4-9ED5-8FEC010C7042}.Release|iPhoneSimulator.Build.0 = Release|iPhoneSimulator
		{D1521F44-7A86-44D4-9ED5-8FEC010C7042}.Release|iPhoneSimulator.Deploy.0 = Release|iPhoneSimulator
		{288834CC-00C7-4ED1-BD90-12FA8B273E87}.Debug|Any CPU.ActiveCfg = Debug|Any CPU
		{288834CC-00C7-4ED1-BD90-12FA8B273E87}.Debug|Any CPU.Build.0 = Debug|Any CPU
		{288834CC-00C7-4ED1-BD90-12FA8B273E87}.Debug|Any CPU.Deploy.0 = Debug|Any CPU
		{288834CC-00C7-4ED1-BD90-12FA8B273E87}.Debug|iPhone.ActiveCfg = Debug|Any CPU
		{288834CC-00C7-4ED1-BD90-12FA8B273E87}.Debug|iPhone.Build.0 = Debug|Any CPU
		{288834CC-00C7-4ED1-BD90-12FA8B273E87}.Debug|iPhone.Deploy.0 = Debug|Any CPU
		{288834CC-00C7-4ED1-BD90-12FA8B273E87}.Debug|iPhoneSimulator.ActiveCfg = Debug|Any CPU
		{288834CC-00C7-4ED1-BD90-12FA8B273E87}.Debug|iPhoneSimulator.Build.0 = Debug|Any CPU
		{288834CC-00C7-4ED1-BD90-12FA8B273E87}.Debug|iPhoneSimulator.Deploy.0 = Debug|Any CPU
		{288834CC-00C7-4ED1-BD90-12FA8B273E87}.Release|Any CPU.ActiveCfg = Release|Any CPU
		{288834CC-00C7-4ED1-BD90-12FA8B273E87}.Release|Any CPU.Build.0 = Release|Any CPU
		{288834CC-00C7-4ED1-BD90-12FA8B273E87}.Release|Any CPU.Deploy.0 = Release|Any CPU
		{288834CC-00C7-4ED1-BD90-12FA8B273E87}.Release|iPhone.ActiveCfg = Release|Any CPU
		{288834CC-00C7-4ED1-BD90-12FA8B273E87}.Release|iPhone.Build.0 = Release|Any CPU
		{288834CC-00C7-4ED1-BD90-12FA8B273E87}.Release|iPhone.Deploy.0 = Release|Any CPU
		{288834CC-00C7-4ED1-BD90-12FA8B273E87}.Release|iPhoneSimulator.ActiveCfg = Release|Any CPU
		{288834CC-00C7-4ED1-BD90-12FA8B273E87}.Release|iPhoneSimulator.Build.0 = Release|Any CPU
		{288834CC-00C7-4ED1-BD90-12FA8B273E87}.Release|iPhoneSimulator.Deploy.0 = Release|Any CPU
	EndGlobalSection
	GlobalSection(SolutionProperties) = preSolution
		HideSolutionNode = FALSE
	EndGlobalSection
	GlobalSection(ExtensibilityGlobals) = postSolution
		SolutionGuid = {2BD9C5B6-AA69-4BF4-8516-ADE84CEAD1BD}
	EndGlobalSection
EndGlobal
